
Microsoft Visual Studio Solution File, Format Version 12.00
# Visual Studio Version 16
VisualStudioVersion = 16.0.30406.217
MinimumVisualStudioVersion = 10.0.40219.1
Project("{FAE04EC0-301F-11D3-BF4B-00C04F79EFBC}") = "Math", "Math\Math.csproj", "{17216ED4-10CE-4218-8403-F1EDA62B1761}"
EndProject
Global
	GlobalSection(SolutionConfigurationPlatforms) = preSolution
		Debug|Any CPU = Debug|Any CPU
		Release|Any CPU = Release|Any CPU
	EndGlobalSection
	GlobalSection(ProjectConfigurationPlatforms) = postSolution
		{17216ED4-10CE-4218-8403-F1EDA62B1761}.Debug|Any CPU.ActiveCfg = Debug|Any CPU
		{17216ED4-10CE-4218-8403-F1EDA62B1761}.Debug|Any CPU.Build.0 = Debug|Any CPU
		{17216ED4-10CE-4218-8403-F1EDA62B1761}.Release|Any CPU.ActiveCfg = Release|Any CPU
		{17216ED4-10CE-4218-8403-F1EDA62B1761}.Release|Any CPU.Build.0 = Release|Any CPU
	EndGlobalSection
	GlobalSection(SolutionProperties) = preSolution
		HideSolutionNode = FALSE
	EndGlobalSection
	GlobalSection(ExtensibilityGlobals) = postSolution
		SolutionGuid = {00F00D39-4C4F-4948-AC4F-D25F93A407E1}
	EndGlobalSection
EndGlobal
